{
  "version": 1,
  "dependencies": {
    "net6.0": {
      "Solnet.Programs": {
        "type": "Direct",
        "requested": "[6.1.0, )",
        "resolved": "6.1.0",
        "contentHash": "q48c+KUaA+wpa/Fi3Q+tKiDwNIRlYEilwJcqOqVFqO8bC6nn2EYQRVxs8myEjBblsm+t2B5aCSS7Py+HAl9pEA==",
        "dependencies": {
          "Solnet.Rpc": "6.1.0"
        }
      },
      "Solnet.Rpc": {
        "type": "Direct",
        "requested": "[6.1.0, )",
        "resolved": "6.1.0",
        "contentHash": "vTAT+WlWgamnRbfRBbV018aWiDXeXDCr7iBTOqIEpiZ4in2IfXC+K4upIPvL3H0KOSpApjVWm3mbuN4kao5IVQ==",
        "dependencies": {
          "Microsoft.Extensions.Logging": "6.0.0",
          "Microsoft.Extensions.Logging.Console": "6.0.0",
          "Solnet.Wallet": "6.1.0"
        }
      },
      "Solnet.Wallet": {
        "type": "Direct",
        "requested": "[6.1.0, )",
        "resolved": "6.1.0",
        "contentHash": "qAacwo1RegP36lMqs5wIuvF5FIKUS3KWqbg0NfQMALwtAK040wDePRjxBmP/ovvx+UkWTx6FXRlSq0yXaKiolA==",
        "dependencies": {
          "Chaos.NaCl.Standard": "1.0.0",
          "Portable.BouncyCastle": "1.9.0"
        }
      },
      "Chaos.NaCl.Standard": {
        "type": "Transitive",
        "resolved": "1.0.0",
        "contentHash": "8ajPyzu49LSIdPgeg56eDdKu1j8FZJngKgTn9rXHV3GNVly49XFvPAwoWuUT8xPze3OjVUOWQZaO82HWrYFFEw=="
      },
      "Microsoft.Extensions.Configuration": {
        "type": "Transitive",
        "resolved": "6.0.0",
        "contentHash": "tq2wXyh3fL17EMF2bXgRhU7JrbO3on93MRKYxzz4JzzvuGSA1l0W3GI9/tl8EO89TH+KWEymP7bcFway6z9fXg==",
        "dependencies": {
          "Microsoft.Extensions.Configuration.Abstractions": "6.0.0",
          "Microsoft.Extensions.Primitives": "6.0.0"
        }
      },
      "Microsoft.Extensions.Configuration.Abstractions": {
        "type": "Transitive",
        "resolved": "6.0.0",
        "contentHash": "qWzV9o+ZRWq+pGm+1dF+R7qTgTYoXvbyowRoBxQJGfqTpqDun2eteerjRQhq5PQ/14S+lqto3Ft4gYaRyl4rdQ==",
        "dependencies": {
          "Microsoft.Extensions.Primitives": "6.0.0"
        }
      },
      "Microsoft.Extensions.Configuration.Binder": {
        "type": "Transitive",
        "resolved": "6.0.0",
        "contentHash": "b3ErKzND8LIC7o08QAVlKfaEIYEvLJbtmVbFZVBRXeu9YkKfSSzLZfR1SUfQPBIy9mKLhEtJgGYImkcMNaKE0A==",
        "dependencies": {
          "Microsoft.Extensions.Configuration.Abstractions": "6.0.0"
        }
      },
      "Microsoft.Extensions.DependencyInjection": {
        "type": "Transitive",
        "resolved": "6.0.0",
        "contentHash": "k6PWQMuoBDGGHOQTtyois2u4AwyVcIwL2LaSLlTZQm2CYcJ1pxbt6jfAnpWmzENA/wfrYRI/X9DTLoUkE4AsLw==",
        "dependencies": {
          "Microsoft.Extensions.DependencyInjection.Abstractions": "6.0.0",
          "System.Runtime.CompilerServices.Unsafe": "6.0.0"
        }
      },
      "Microsoft.Extensions.DependencyInjection.Abstractions": {
        "type": "Transitive",
        "resolved": "6.0.0",
        "contentHash": "xlzi2IYREJH3/m6+lUrQlujzX8wDitm4QGnUu6kUXTQAWPuZY8i+ticFJbzfqaetLA6KR/rO6Ew/HuYD+bxifg=="
      },
      "Microsoft.Extensions.Logging": {
        "type": "Transitive",
        "resolved": "6.0.0",
        "contentHash": "eIbyj40QDg1NDz0HBW0S5f3wrLVnKWnDJ/JtZ+yJDFnDj90VoPuoPmFkeaXrtu+0cKm5GRAwoDf+dBWXK0TUdg==",
        "dependencies": {
          "Microsoft.Extensions.DependencyInjection": "6.0.0",
          "Microsoft.Extensions.DependencyInjection.Abstractions": "6.0.0",
          "Microsoft.Extensions.Logging.Abstractions": "6.0.0",
          "Microsoft.Extensions.Options": "6.0.0",
          "System.Diagnostics.DiagnosticSource": "6.0.0"
        }
      },
      "Microsoft.Extensions.Logging.Abstractions": {
        "type": "Transitive",
        "resolved": "6.0.2",
        "contentHash": "pwXCZKaA7m5wgmCj49dW+H1RPSY7U62SKLTQYCcavf/k3Nyt/WnBgAjG4jMGnwy9rElfAZ2KvxvM5CJzJWG0hg=="
      },
      "Microsoft.Extensions.Logging.Configuration": {
        "type": "Transitive",
        "resolved": "6.0.0",
        "contentHash": "ZDskjagmBAbv+K8rYW9VhjPplhbOE63xUD0DiuydZJwt15dRyoqicYklLd86zzeintUc7AptDkHn+YhhYkYo8A==",
        "dependencies": {
          "Microsoft.Extensions.Configuration": "6.0.0",
          "Microsoft.Extensions.Configuration.Abstractions": "6.0.0",
          "Microsoft.Extensions.Configuration.Binder": "6.0.0",
          "Microsoft.Extensions.DependencyInjection.Abstractions": "6.0.0",
          "Microsoft.Extensions.Logging": "6.0.0",
          "Microsoft.Extensions.Logging.Abstractions": "6.0.0",
          "Microsoft.Extensions.Options": "6.0.0",
          "Microsoft.Extensions.Options.ConfigurationExtensions": "6.0.0"
        }
      },
      "Microsoft.Extensions.Logging.Console": {
        "type": "Transitive",
        "resolved": "6.0.0",
        "contentHash": "gsqKzOEdsvq28QiXFxagmn1oRB9GeI5GgYCkoybZtQA0IUb7QPwf1WmN3AwJeNIsadTvIFQCiVK0OVIgKfOBGg==",
        "dependencies": {
          "Microsoft.Extensions.DependencyInjection.Abstractions": "6.0.0",
          "Microsoft.Extensions.Logging": "6.0.0",
          "Microsoft.Extensions.Logging.Abstractions": "6.0.0",
          "Microsoft.Extensions.Logging.Configuration": "6.0.0",
          "Microsoft.Extensions.Options": "6.0.0",
          "System.Text.Json": "6.0.0"
        }
      },
      "Microsoft.Extensions.Options": {
        "type": "Transitive",
        "resolved": "6.0.0",
        "contentHash": "dzXN0+V1AyjOe2xcJ86Qbo233KHuLEY0njf/P2Kw8SfJU+d45HNS2ctJdnEnrWbM9Ye2eFgaC5Mj9otRMU6IsQ==",
        "dependencies": {
          "Microsoft.Extensions.DependencyInjection.Abstractions": "6.0.0",
          "Microsoft.Extensions.Primitives": "6.0.0"
        }
      },
      "Microsoft.Extensions.Options.ConfigurationExtensions": {
        "type": "Transitive",
        "resolved": "6.0.0",
        "contentHash": "bXWINbTn0vC0FYc9GaQTISbxhQLAMrvtbuvD9N6JelEaIS/Pr62wUCinrq5bf1WRBGczt1v4wDhxFtVFNcMdUQ==",
        "dependencies": {
          "Microsoft.Extensions.Configuration.Abstractions": "6.0.0",
          "Microsoft.Extensions.Configuration.Binder": "6.0.0",
          "Microsoft.Extensions.DependencyInjection.Abstractions": "6.0.0",
          "Microsoft.Extensions.Options": "6.0.0",
          "Microsoft.Extensions.Primitives": "6.0.0"
        }
      },
      "Microsoft.Extensions.Primitives": {
        "type": "Transitive",
        "resolved": "6.0.0",
        "contentHash": "9+PnzmQFfEFNR9J2aDTfJGGupShHjOuGw4VUv+JB044biSHrnmCIMD+mJHmb2H7YryrfBEXDurxQ47gJZdCKNQ==",
        "dependencies": {
          "System.Runtime.CompilerServices.Unsafe": "6.0.0"
        }
      },
      "Newtonsoft.Json": {
        "type": "Transitive",
        "resolved": "13.0.1",
        "contentHash": "ppPFpBcvxdsfUonNcvITKqLl3bqxWbDCZIzDWHzjpdAHRFfZe0Dw9HmA0+za13IdyrgJwpkDTDA9fHaxOrt20A=="
      },
      "Portable.BouncyCastle": {
        "type": "Transitive",
        "resolved": "1.9.0",
        "contentHash": "eZZBCABzVOek+id9Xy04HhmgykF0wZg9wpByzrWN7q8qEI0Qen9b7tfd7w8VA3dOeesumMG7C5ZPy0jk7PSRHw=="
      },
      "Solnet.Extensions": {
        "type": "Transitive",
        "resolved": "6.1.0",
        "contentHash": "jTs3CNeA1/FSdDBMDy/MfrTx8Z3pBc9qMRFDC2lgkW8SwHfL9LG0tso/BYsckEKXPpODUxe08xCrCWtLg/Hw1Q==",
        "dependencies": {
          "Solnet.Programs": "6.1.0",
          "Solnet.Rpc": "6.1.0",
          "Solnet.Wallet": "6.1.0"
        }
      },
      "Solnet.KeyStore": {
        "type": "Transitive",
        "resolved": "6.1.0",
        "contentHash": "CkFUXyWLahJh5KeRLNd2BqEFaeosGNhsPmmrZY9yUM92H/4hvNnw84J1RWIbw5nfsczNMp8iYf4l265+sZcKTA==",
        "dependencies": {
          "Chaos.NaCl.Standard": "1.0.0",
          "Portable.BouncyCastle": "1.9.0",
          "Solnet.Wallet": "6.1.0"
        }
      },
      "System.Diagnostics.DiagnosticSource": {
        "type": "Transitive",
        "resolved": "6.0.0",
        "contentHash": "frQDfv0rl209cKm1lnwTgFPzNigy2EKk1BS3uAvHvlBVKe5cymGyHO+Sj+NLv5VF/AhHsqPIUUwya5oV4CHMUw==",
        "dependencies": {
          "System.Runtime.CompilerServices.Unsafe": "6.0.0"
        }
      },
      "System.Runtime.CompilerServices.Unsafe": {
        "type": "Transitive",
        "resolved": "6.0.0",
        "contentHash": "/iUeP3tq1S0XdNNoMz5C9twLSrM/TH+qElHkXWaPvuNOt+99G75NrV0OS2EqHx5wMN7popYjpc8oTjC1y16DLg=="
      },
      "System.Text.Encodings.Web": {
        "type": "Transitive",
        "resolved": "6.0.0",
        "contentHash": "Vg8eB5Tawm1IFqj4TVK1czJX89rhFxJo9ELqc/Eiq0eXy13RK00eubyU6TJE6y+GQXjyV5gSfiewDUZjQgSE0w==",
        "dependencies": {
          "System.Runtime.CompilerServices.Unsafe": "6.0.0"
        }
      },
      "System.Text.Json": {
        "type": "Transitive",
        "resolved": "6.0.0",
        "contentHash": "zaJsHfESQvJ11vbXnNlkrR46IaMULk/gHxYsJphzSF+07kTjPHv+Oc14w6QEOfo3Q4hqLJgStUaYB9DBl0TmWg==",
        "dependencies": {
          "System.Runtime.CompilerServices.Unsafe": "6.0.0",
          "System.Text.Encodings.Web": "6.0.0"
        }
      },
      "solnet.metaplex": {
        "type": "Project",
        "dependencies": {
          "Microsoft.Extensions.Logging": "[6.0.0, )",
          "Microsoft.Extensions.Logging.Abstractions": "[6.0.2, )",
          "Microsoft.Extensions.Logging.Console": "[6.0.0, )",
          "Newtonsoft.Json": "[13.0.1, )",
          "Solnet.Extensions": "[6.1.0, )",
          "Solnet.Keystore": "[6.1.0, )",
          "Solnet.Programs": "[6.1.0, )",
          "Solnet.Rpc": "[6.1.0, )",
          "Solnet.Wallet": "[6.1.0, )"
        }
      }
    }
  }
}